
Microsoft Visual Studio Solution File, Format Version 12.00
# Visual Studio Version 17
VisualStudioVersion = 17.3.32901.215
MinimumVisualStudioVersion = 10.0.40219.1
Project("{8BC9CEB8-8B4A-11D0-8D11-00A0C91BC942}") = "First", "First\First.vcxproj", "{BB538566-3C79-4C1E-A199-BB2E0DB062AD}"
EndProject
Project("{8BC9CEB8-8B4A-11D0-8D11-00A0C91BC942}") = "Inverse", "Inverse\Inverse.vcxproj", "{E386C60B-87DC-47B3-B49D-D73FFA79B19E}"
EndProject
Project("{8BC9CEB8-8B4A-11D0-8D11-00A0C91BC942}") = "ColorChange", "ColorChange\ColorChange.vcxproj", "{9C18961F-28E3-40B1-AECE-E6772AFD17B7}"
EndProject
Project("{8BC9CEB8-8B4A-11D0-8D11-00A0C91BC942}") = "Binarization", "Binarization\Binarization.vcxproj", "{D60669B1-63DF-4DDF-B552-AF05F982CC3F}"
EndProject
Project("{8BC9CEB8-8B4A-11D0-8D11-00A0C91BC942}") = "GammaCorrection", "GammaCorrection\GammaCorrection.vcxproj", "{0DBE9F88-7214-489C-947E-5154000CD237}"
EndProject
Project("{8BC9CEB8-8B4A-11D0-8D11-00A0C91BC942}") = "SaltPepper", "SaltPepper\SaltPepper.vcxproj", "{21204D2B-BE19-49B6-B7EF-4A9C36D0B0CD}"
EndProject
Project("{8BC9CEB8-8B4A-11D0-8D11-00A0C91BC942}") = "Posterization", "Posterization\Posterization.vcxproj", "{3891CBC7-C7D2-4777-AD17-8785372C1B27}"
EndProject
Project("{8BC9CEB8-8B4A-11D0-8D11-00A0C91BC942}") = "ColorConversion", "ColorConversion\ColorConversion.vcxproj", "{C7F131B2-D3DA-4A30-9F93-3F2DD8523B85}"
EndProject
Project("{8BC9CEB8-8B4A-11D0-8D11-00A0C91BC942}") = "MouseEvent", "MouseEvent\MouseEvent.vcxproj", "{E7C9BBBA-6656-4857-B074-34BDCDD336A6}"
EndProject
Project("{8BC9CEB8-8B4A-11D0-8D11-00A0C91BC942}") = "Trackbar", "Trackbar\Trackbar.vcxproj", "{CF89D67E-6A0E-4B16-92E2-B42E45F583B4}"
EndProject
Project("{8BC9CEB8-8B4A-11D0-8D11-00A0C91BC942}") = "Histogram", "Histogram\Histogram.vcxproj", "{48A503E3-2562-400E-82AA-395833659D72}"
EndProject
Project("{8BC9CEB8-8B4A-11D0-8D11-00A0C91BC942}") = "CVPlot", "CVPlot\CVPlot.vcxproj", "{89933CBE-E83C-40B7-B6CF-8E57B5B27911}"
EndProject
Project("{8BC9CEB8-8B4A-11D0-8D11-00A0C91BC942}") = "Blurring", "Blurring\Blurring.vcxproj", "{F601B8D9-E39C-45D4-ABDD-46BF27062F59}"
EndProject
Project("{8BC9CEB8-8B4A-11D0-8D11-00A0C91BC942}") = "DrawShapes", "DrawShapes\DrawShapes.vcxproj", "{9F48BC90-B5D0-404C-B1FD-E5FA01EBBE01}"
EndProject
Project("{8BC9CEB8-8B4A-11D0-8D11-00A0C91BC942}") = "Cropping", "Cropping\Cropping.vcxproj", "{422989E1-D6E7-4F33-9098-3FB85041DC5A}"
EndProject
Project("{8BC9CEB8-8B4A-11D0-8D11-00A0C91BC942}") = "NoiseRemoval", "NoiseRemoval\NoiseRemoval.vcxproj", "{63C0F76D-C321-4AD3-B32E-ADAEA267B75F}"
EndProject
Project("{8BC9CEB8-8B4A-11D0-8D11-00A0C91BC942}") = "Sharpening", "Sharpening\Sharpening.vcxproj", "{18AD478A-E804-4FB7-90F1-7C8642BD6567}"
EndProject
Project("{8BC9CEB8-8B4A-11D0-8D11-00A0C91BC942}") = "PyramidUpDown", "PyramidUpDown\PyramidUpDown.vcxproj", "{2001E9C1-422B-4E3A-9AED-EA960F7C6C04}"
EndProject
Project("{8BC9CEB8-8B4A-11D0-8D11-00A0C91BC942}") = "SharpeningFilter2D", "SharpeningFilter2D\SharpeningFilter2D.vcxproj", "{57B1BE56-5AEC-43B5-985F-4EA5D5C4B008}"
EndProject
Project("{8BC9CEB8-8B4A-11D0-8D11-00A0C91BC942}") = "SobelEdge", "SobelEdge\SobelEdge.vcxproj", "{72EA14DF-BD53-40B0-A30D-EC13DE14E073}"
EndProject
Project("{8BC9CEB8-8B4A-11D0-8D11-00A0C91BC942}") = "LaplacianEdge", "LaplacianEdge\LaplacianEdge.vcxproj", "{A48F48BE-B4CD-4C48-82F5-07D5BEB0432E}"
EndProject
Project("{8BC9CEB8-8B4A-11D0-8D11-00A0C91BC942}") = "TrackbarThresholding", "TrackbarThresholding\TrackbarThresholding.vcxproj", "{55F31F41-79CF-44EA-AF19-C0D0B24716D0}"
EndProject
Project("{8BC9CEB8-8B4A-11D0-8D11-00A0C91BC942}") = "CannyEdgeDetector", "CannyEdgeDetector\CannyEdgeDetector.vcxproj", "{AF140393-09FE-40E8-A935-BF9F1759FEB4}"
EndProject
Global
	GlobalSection(SolutionConfigurationPlatforms) = preSolution
		Debug|x64 = Debug|x64
		Debug|x86 = Debug|x86
		Release|x64 = Release|x64
		Release|x86 = Release|x86
	EndGlobalSection
	GlobalSection(ProjectConfigurationPlatforms) = postSolution
		{BB538566-3C79-4C1E-A199-BB2E0DB062AD}.Debug|x64.ActiveCfg = Debug|x64
		{BB538566-3C79-4C1E-A199-BB2E0DB062AD}.Debug|x64.Build.0 = Debug|x64
		{BB538566-3C79-4C1E-A199-BB2E0DB062AD}.Debug|x86.ActiveCfg = Debug|Win32
		{BB538566-3C79-4C1E-A199-BB2E0DB062AD}.Debug|x86.Build.0 = Debug|Win32
		{BB538566-3C79-4C1E-A199-BB2E0DB062AD}.Release|x64.ActiveCfg = Release|x64
		{BB538566-3C79-4C1E-A199-BB2E0DB062AD}.Release|x64.Build.0 = Release|x64
		{BB538566-3C79-4C1E-A199-BB2E0DB062AD}.Release|x86.ActiveCfg = Release|Win32
		{BB538566-3C79-4C1E-A199-BB2E0DB062AD}.Release|x86.Build.0 = Release|Win32
		{E386C60B-87DC-47B3-B49D-D73FFA79B19E}.Debug|x64.ActiveCfg = Debug|x64
		{E386C60B-87DC-47B3-B49D-D73FFA79B19E}.Debug|x64.Build.0 = Debug|x64
		{E386C60B-87DC-47B3-B49D-D73FFA79B19E}.Debug|x86.ActiveCfg = Debug|Win32
		{E386C60B-87DC-47B3-B49D-D73FFA79B19E}.Debug|x86.Build.0 = Debug|Win32
		{E386C60B-87DC-47B3-B49D-D73FFA79B19E}.Release|x64.ActiveCfg = Release|x64
		{E386C60B-87DC-47B3-B49D-D73FFA79B19E}.Release|x64.Build.0 = Release|x64
		{E386C60B-87DC-47B3-B49D-D73FFA79B19E}.Release|x86.ActiveCfg = Release|Win32
		{E386C60B-87DC-47B3-B49D-D73FFA79B19E}.Release|x86.Build.0 = Release|Win32
		{9C18961F-28E3-40B1-AECE-E6772AFD17B7}.Debug|x64.ActiveCfg = Debug|x64
		{9C18961F-28E3-40B1-AECE-E6772AFD17B7}.Debug|x64.Build.0 = Debug|x64
		{9C18961F-28E3-40B1-AECE-E6772AFD17B7}.Debug|x86.ActiveCfg = Debug|Win32
		{9C18961F-28E3-40B1-AECE-E6772AFD17B7}.Debug|x86.Build.0 = Debug|Win32
		{9C18961F-28E3-40B1-AECE-E6772AFD17B7}.Release|x64.ActiveCfg = Release|x64
		{9C18961F-28E3-40B1-AECE-E6772AFD17B7}.Release|x64.Build.0 = Release|x64
		{9C18961F-28E3-40B1-AECE-E6772AFD17B7}.Release|x86.ActiveCfg = Release|Win32
		{9C18961F-28E3-40B1-AECE-E6772AFD17B7}.Release|x86.Build.0 = Release|Win32
		{D60669B1-63DF-4DDF-B552-AF05F982CC3F}.Debug|x64.ActiveCfg = Debug|x64
		{D60669B1-63DF-4DDF-B552-AF05F982CC3F}.Debug|x64.Build.0 = Debug|x64
		{D60669B1-63DF-4DDF-B552-AF05F982CC3F}.Debug|x86.ActiveCfg = Debug|Win32
		{D60669B1-63DF-4DDF-B552-AF05F982CC3F}.Debug|x86.Build.0 = Debug|Win32
		{D60669B1-63DF-4DDF-B552-AF05F982CC3F}.Release|x64.ActiveCfg = Release|x64
		{D60669B1-63DF-4DDF-B552-AF05F982CC3F}.Release|x64.Build.0 = Release|x64
		{D60669B1-63DF-4DDF-B552-AF05F982CC3F}.Release|x86.ActiveCfg = Release|Win32
		{D60669B1-63DF-4DDF-B552-AF05F982CC3F}.Release|x86.Build.0 = Release|Win32
		{0DBE9F88-7214-489C-947E-5154000CD237}.Debug|x64.ActiveCfg = Debug|x64
		{0DBE9F88-7214-489C-947E-5154000CD237}.Debug|x64.Build.0 = Debug|x64
		{0DBE9F88-7214-489C-947E-5154000CD237}.Debug|x86.ActiveCfg = Debug|Win32
		{0DBE9F88-7214-489C-947E-5154000CD237}.Debug|x86.Build.0 = Debug|Win32
		{0DBE9F88-7214-489C-947E-5154000CD237}.Release|x64.ActiveCfg = Release|x64
		{0DBE9F88-7214-489C-947E-5154000CD237}.Release|x64.Build.0 = Release|x64
		{0DBE9F88-7214-489C-947E-5154000CD237}.Release|x86.ActiveCfg = Release|Win32
		{0DBE9F88-7214-489C-947E-5154000CD237}.Release|x86.Build.0 = Release|Win32
		{21204D2B-BE19-49B6-B7EF-4A9C36D0B0CD}.Debug|x64.ActiveCfg = Debug|x64
		{21204D2B-BE19-49B6-B7EF-4A9C36D0B0CD}.Debug|x64.Build.0 = Debug|x64
		{21204D2B-BE19-49B6-B7EF-4A9C36D0B0CD}.Debug|x86.ActiveCfg = Debug|Win32
		{21204D2B-BE19-49B6-B7EF-4A9C36D0B0CD}.Debug|x86.Build.0 = Debug|Win32
		{21204D2B-BE19-49B6-B7EF-4A9C36D0B0CD}.Release|x64.ActiveCfg = Release|x64
		{21204D2B-BE19-49B6-B7EF-4A9C36D0B0CD}.Release|x64.Build.0 = Release|x64
		{21204D2B-BE19-49B6-B7EF-4A9C36D0B0CD}.Release|x86.ActiveCfg = Release|Win32
		{21204D2B-BE19-49B6-B7EF-4A9C36D0B0CD}.Release|x86.Build.0 = Release|Win32
		{3891CBC7-C7D2-4777-AD17-8785372C1B27}.Debug|x64.ActiveCfg = Debug|x64
		{3891CBC7-C7D2-4777-AD17-8785372C1B27}.Debug|x64.Build.0 = Debug|x64
		{3891CBC7-C7D2-4777-AD17-8785372C1B27}.Debug|x86.ActiveCfg = Debug|Win32
		{3891CBC7-C7D2-4777-AD17-8785372C1B27}.Debug|x86.Build.0 = Debug|Win32
		{3891CBC7-C7D2-4777-AD17-8785372C1B27}.Release|x64.ActiveCfg = Release|x64
		{3891CBC7-C7D2-4777-AD17-8785372C1B27}.Release|x64.Build.0 = Release|x64
		{3891CBC7-C7D2-4777-AD17-8785372C1B27}.Release|x86.ActiveCfg = Release|Win32
		{3891CBC7-C7D2-4777-AD17-8785372C1B27}.Release|x86.Build.0 = Release|Win32
		{C7F131B2-D3DA-4A30-9F93-3F2DD8523B85}.Debug|x64.ActiveCfg = Debug|x64
		{C7F131B2-D3DA-4A30-9F93-3F2DD8523B85}.Debug|x64.Build.0 = Debug|x64
		{C7F131B2-D3DA-4A30-9F93-3F2DD8523B85}.Debug|x86.ActiveCfg = Debug|Win32
		{C7F131B2-D3DA-4A30-9F93-3F2DD8523B85}.Debug|x86.Build.0 = Debug|Win32
		{C7F131B2-D3DA-4A30-9F93-3F2DD8523B85}.Release|x64.ActiveCfg = Release|x64
		{C7F131B2-D3DA-4A30-9F93-3F2DD8523B85}.Release|x64.Build.0 = Release|x64
		{C7F131B2-D3DA-4A30-9F93-3F2DD8523B85}.Release|x86.ActiveCfg = Release|Win32
		{C7F131B2-D3DA-4A30-9F93-3F2DD8523B85}.Release|x86.Build.0 = Release|Win32
		{E7C9BBBA-6656-4857-B074-34BDCDD336A6}.Debug|x64.ActiveCfg = Debug|x64
		{E7C9BBBA-6656-4857-B074-34BDCDD336A6}.Debug|x64.Build.0 = Debug|x64
		{E7C9BBBA-6656-4857-B074-34BDCDD336A6}.Debug|x86.ActiveCfg = Debug|Win32
		{E7C9BBBA-6656-4857-B074-34BDCDD336A6}.Debug|x86.Build.0 = Debug|Win32
		{E7C9BBBA-6656-4857-B074-34BDCDD336A6}.Release|x64.ActiveCfg = Release|x64
		{E7C9BBBA-6656-4857-B074-34BDCDD336A6}.Release|x64.Build.0 = Release|x64
		{E7C9BBBA-6656-4857-B074-34BDCDD336A6}.Release|x86.ActiveCfg = Release|Win32
		{E7C9BBBA-6656-4857-B074-34BDCDD336A6}.Release|x86.Build.0 = Release|Win32
		{CF89D67E-6A0E-4B16-92E2-B42E45F583B4}.Debug|x64.ActiveCfg = Debug|x64
		{CF89D67E-6A0E-4B16-92E2-B42E45F583B4}.Debug|x64.Build.0 = Debug|x64
		{CF89D67E-6A0E-4B16-92E2-B42E45F583B4}.Debug|x86.ActiveCfg = Debug|Win32
		{CF89D67E-6A0E-4B16-92E2-B42E45F583B4}.Debug|x86.Build.0 = Debug|Win32
		{CF89D67E-6A0E-4B16-92E2-B42E45F583B4}.Release|x64.ActiveCfg = Release|x64
		{CF89D67E-6A0E-4B16-92E2-B42E45F583B4}.Release|x64.Build.0 = Release|x64
		{CF89D67E-6A0E-4B16-92E2-B42E45F583B4}.Release|x86.ActiveCfg = Release|Win32
		{CF89D67E-6A0E-4B16-92E2-B42E45F583B4}.Release|x86.Build.0 = Release|Win32
		{48A503E3-2562-400E-82AA-395833659D72}.Debug|x64.ActiveCfg = Debug|x64
		{48A503E3-2562-400E-82AA-395833659D72}.Debug|x64.Build.0 = Debug|x64
		{48A503E3-2562-400E-82AA-395833659D72}.Debug|x86.ActiveCfg = Debug|Win32
		{48A503E3-2562-400E-82AA-395833659D72}.Debug|x86.Build.0 = Debug|Win32
		{48A503E3-2562-400E-82AA-395833659D72}.Release|x64.ActiveCfg = Release|x64
		{48A503E3-2562-400E-82AA-395833659D72}.Release|x64.Build.0 = Release|x64
		{48A503E3-2562-400E-82AA-395833659D72}.Release|x86.ActiveCfg = Release|Win32
		{48A503E3-2562-400E-82AA-395833659D72}.Release|x86.Build.0 = Release|Win32
		{89933CBE-E83C-40B7-B6CF-8E57B5B27911}.Debug|x64.ActiveCfg = Debug|x64
		{89933CBE-E83C-40B7-B6CF-8E57B5B27911}.Debug|x64.Build.0 = Debug|x64
		{89933CBE-E83C-40B7-B6CF-8E57B5B27911}.Debug|x86.ActiveCfg = Debug|Win32
		{89933CBE-E83C-40B7-B6CF-8E57B5B27911}.Debug|x86.Build.0 = Debug|Win32
		{89933CBE-E83C-40B7-B6CF-8E57B5B27911}.Release|x64.ActiveCfg = Release|x64
		{89933CBE-E83C-40B7-B6CF-8E57B5B27911}.Release|x64.Build.0 = Release|x64
		{89933CBE-E83C-40B7-B6CF-8E57B5B27911}.Release|x86.ActiveCfg = Release|Win32
		{89933CBE-E83C-40B7-B6CF-8E57B5B27911}.Release|x86.Build.0 = Release|Win32
		{F601B8D9-E39C-45D4-ABDD-46BF27062F59}.Debug|x64.ActiveCfg = Debug|x64
		{F601B8D9-E39C-45D4-ABDD-46BF27062F59}.Debug|x64.Build.0 = Debug|x64
		{F601B8D9-E39C-45D4-ABDD-46BF27062F59}.Debug|x86.ActiveCfg = Debug|Win32
		{F601B8D9-E39C-45D4-ABDD-46BF27062F59}.Debug|x86.Build.0 = Debug|Win32
		{F601B8D9-E39C-45D4-ABDD-46BF27062F59}.Release|x64.ActiveCfg = Release|x64
		{F601B8D9-E39C-45D4-ABDD-46BF27062F59}.Release|x64.Build.0 = Release|x64
		{F601B8D9-E39C-45D4-ABDD-46BF27062F59}.Release|x86.ActiveCfg = Release|Win32
		{F601B8D9-E39C-45D4-ABDD-46BF27062F59}.Release|x86.Build.0 = Release|Win32
		{9F48BC90-B5D0-404C-B1FD-E5FA01EBBE01}.Debug|x64.ActiveCfg = Debug|x64
		{9F48BC90-B5D0-404C-B1FD-E5FA01EBBE01}.Debug|x64.Build.0 = Debug|x64
		{9F48BC90-B5D0-404C-B1FD-E5FA01EBBE01}.Debug|x86.ActiveCfg = Debug|Win32
		{9F48BC90-B5D0-404C-B1FD-E5FA01EBBE01}.Debug|x86.Build.0 = Debug|Win32
		{9F48BC90-B5D0-404C-B1FD-E5FA01EBBE01}.Release|x64.ActiveCfg = Release|x64
		{9F48BC90-B5D0-404C-B1FD-E5FA01EBBE01}.Release|x64.Build.0 = Release|x64
		{9F48BC90-B5D0-404C-B1FD-E5FA01EBBE01}.Release|x86.ActiveCfg = Release|Win32
		{9F48BC90-B5D0-404C-B1FD-E5FA01EBBE01}.Release|x86.Build.0 = Release|Win32
		{422989E1-D6E7-4F33-9098-3FB85041DC5A}.Debug|x64.ActiveCfg = Debug|x64
		{422989E1-D6E7-4F33-9098-3FB85041DC5A}.Debug|x64.Build.0 = Debug|x64
		{422989E1-D6E7-4F33-9098-3FB85041DC5A}.Debug|x86.ActiveCfg = Debug|Win32
		{422989E1-D6E7-4F33-9098-3FB85041DC5A}.Debug|x86.Build.0 = Debug|Win32
		{422989E1-D6E7-4F33-9098-3FB85041DC5A}.Release|x64.ActiveCfg = Release|x64
		{422989E1-D6E7-4F33-9098-3FB85041DC5A}.Release|x64.Build.0 = Release|x64
		{422989E1-D6E7-4F33-9098-3FB85041DC5A}.Release|x86.ActiveCfg = Release|Win32
		{422989E1-D6E7-4F33-9098-3FB85041DC5A}.Release|x86.Build.0 = Release|Win32
		{63C0F76D-C321-4AD3-B32E-ADAEA267B75F}.Debug|x64.ActiveCfg = Debug|x64
		{63C0F76D-C321-4AD3-B32E-ADAEA267B75F}.Debug|x64.Build.0 = Debug|x64
		{63C0F76D-C321-4AD3-B32E-ADAEA267B75F}.Debug|x86.ActiveCfg = Debug|Win32
		{63C0F76D-C321-4AD3-B32E-ADAEA267B75F}.Debug|x86.Build.0 = Debug|Win32
		{63C0F76D-C321-4AD3-B32E-ADAEA267B75F}.Release|x64.ActiveCfg = Release|x64
		{63C0F76D-C321-4AD3-B32E-ADAEA267B75F}.Release|x64.Build.0 = Release|x64
		{63C0F76D-C321-4AD3-B32E-ADAEA267B75F}.Release|x86.ActiveCfg = Release|Win32
		{63C0F76D-C321-4AD3-B32E-ADAEA267B75F}.Release|x86.Build.0 = Release|Win32
		{18AD478A-E804-4FB7-90F1-7C8642BD6567}.Debug|x64.ActiveCfg = Debug|x64
		{18AD478A-E804-4FB7-90F1-7C8642BD6567}.Debug|x64.Build.0 = Debug|x64
		{18AD478A-E804-4FB7-90F1-7C8642BD6567}.Debug|x86.ActiveCfg = Debug|Win32
		{18AD478A-E804-4FB7-90F1-7C8642BD6567}.Debug|x86.Build.0 = Debug|Win32
		{18AD478A-E804-4FB7-90F1-7C8642BD6567}.Release|x64.ActiveCfg = Release|x64
		{18AD478A-E804-4FB7-90F1-7C8642BD6567}.Release|x64.Build.0 = Release|x64
		{18AD478A-E804-4FB7-90F1-7C8642BD6567}.Release|x86.ActiveCfg = Release|Win32
		{18AD478A-E804-4FB7-90F1-7C8642BD6567}.Release|x86.Build.0 = Release|Win32
		{2001E9C1-422B-4E3A-9AED-EA960F7C6C04}.Debug|x64.ActiveCfg = Debug|x64
		{2001E9C1-422B-4E3A-9AED-EA960F7C6C04}.Debug|x64.Build.0 = Debug|x64
		{2001E9C1-422B-4E3A-9AED-EA960F7C6C04}.Debug|x86.ActiveCfg = Debug|Win32
		{2001E9C1-422B-4E3A-9AED-EA960F7C6C04}.Debug|x86.Build.0 = Debug|Win32
		{2001E9C1-422B-4E3A-9AED-EA960F7C6C04}.Release|x64.ActiveCfg = Release|x64
		{2001E9C1-422B-4E3A-9AED-EA960F7C6C04}.Release|x64.Build.0 = Release|x64
		{2001E9C1-422B-4E3A-9AED-EA960F7C6C04}.Release|x86.ActiveCfg = Release|Win32
		{2001E9C1-422B-4E3A-9AED-EA960F7C6C04}.Release|x86.Build.0 = Release|Win32
		{57B1BE56-5AEC-43B5-985F-4EA5D5C4B008}.Debug|x64.ActiveCfg = Debug|x64
		{57B1BE56-5AEC-43B5-985F-4EA5D5C4B008}.Debug|x64.Build.0 = Debug|x64
		{57B1BE56-5AEC-43B5-985F-4EA5D5C4B008}.Debug|x86.ActiveCfg = Debug|Win32
		{57B1BE56-5AEC-43B5-985F-4EA5D5C4B008}.Debug|x86.Build.0 = Debug|Win32
		{57B1BE56-5AEC-43B5-985F-4EA5D5C4B008}.Release|x64.ActiveCfg = Release|x64
		{57B1BE56-5AEC-43B5-985F-4EA5D5C4B008}.Release|x64.Build.0 = Release|x64
		{57B1BE56-5AEC-43B5-985F-4EA5D5C4B008}.Release|x86.ActiveCfg = Release|Win32
		{57B1BE56-5AEC-43B5-985F-4EA5D5C4B008}.Release|x86.Build.0 = Release|Win32
		{72EA14DF-BD53-40B0-A30D-EC13DE14E073}.Debug|x64.ActiveCfg = Debug|x64
		{72EA14DF-BD53-40B0-A30D-EC13DE14E073}.Debug|x64.Build.0 = Debug|x64
		{72EA14DF-BD53-40B0-A30D-EC13DE14E073}.Debug|x86.ActiveCfg = Debug|Win32
		{72EA14DF-BD53-40B0-A30D-EC13DE14E073}.Debug|x86.Build.0 = Debug|Win32
		{72EA14DF-BD53-40B0-A30D-EC13DE14E073}.Release|x64.ActiveCfg = Release|x64
		{72EA14DF-BD53-40B0-A30D-EC13DE14E073}.Release|x64.Build.0 = Release|x64
		{72EA14DF-BD53-40B0-A30D-EC13DE14E073}.Release|x86.ActiveCfg = Release|Win32
		{72EA14DF-BD53-40B0-A30D-EC13DE14E073}.Release|x86.Build.0 = Release|Win32
		{A48F48BE-B4CD-4C48-82F5-07D5BEB0432E}.Debug|x64.ActiveCfg = Debug|x64
		{A48F48BE-B4CD-4C48-82F5-07D5BEB0432E}.Debug|x64.Build.0 = Debug|x64
		{A48F48BE-B4CD-4C48-82F5-07D5BEB0432E}.Debug|x86.ActiveCfg = Debug|Win32
		{A48F48BE-B4CD-4C48-82F5-07D5BEB0432E}.Debug|x86.Build.0 = Debug|Win32
		{A48F48BE-B4CD-4C48-82F5-07D5BEB0432E}.Release|x64.ActiveCfg = Release|x64
		{A48F48BE-B4CD-4C48-82F5-07D5BEB0432E}.Release|x64.Build.0 = Release|x64
		{A48F48BE-B4CD-4C48-82F5-07D5BEB0432E}.Release|x86.ActiveCfg = Release|Win32
		{A48F48BE-B4CD-4C48-82F5-07D5BEB0432E}.Release|x86.Build.0 = Release|Win32
		{55F31F41-79CF-44EA-AF19-C0D0B24716D0}.Debug|x64.ActiveCfg = Debug|x64
		{55F31F41-79CF-44EA-AF19-C0D0B24716D0}.Debug|x64.Build.0 = Debug|x64
		{55F31F41-79CF-44EA-AF19-C0D0B24716D0}.Debug|x86.ActiveCfg = Debug|Win32
		{55F31F41-79CF-44EA-AF19-C0D0B24716D0}.Debug|x86.Build.0 = Debug|Win32
		{55F31F41-79CF-44EA-AF19-C0D0B24716D0}.Release|x64.ActiveCfg = Release|x64
		{55F31F41-79CF-44EA-AF19-C0D0B24716D0}.Release|x64.Build.0 = Release|x64
		{55F31F41-79CF-44EA-AF19-C0D0B24716D0}.Release|x86.ActiveCfg = Release|Win32
		{55F31F41-79CF-44EA-AF19-C0D0B24716D0}.Release|x86.Build.0 = Release|Win32
		{AF140393-09FE-40E8-A935-BF9F1759FEB4}.Debug|x64.ActiveCfg = Debug|x64
		{AF140393-09FE-40E8-A935-BF9F1759FEB4}.Debug|x64.Build.0 = Debug|x64
		{AF140393-09FE-40E8-A935-BF9F1759FEB4}.Debug|x86.ActiveCfg = Debug|Win32
		{AF140393-09FE-40E8-A935-BF9F1759FEB4}.Debug|x86.Build.0 = Debug|Win32
		{AF140393-09FE-40E8-A935-BF9F1759FEB4}.Release|x64.ActiveCfg = Release|x64
		{AF140393-09FE-40E8-A935-BF9F1759FEB4}.Release|x64.Build.0 = Release|x64
		{AF140393-09FE-40E8-A935-BF9F1759FEB4}.Release|x86.ActiveCfg = Release|Win32
		{AF140393-09FE-40E8-A935-BF9F1759FEB4}.Release|x86.Build.0 = Release|Win32
	EndGlobalSection
	GlobalSection(SolutionProperties) = preSolution
		HideSolutionNode = FALSE
	EndGlobalSection
	GlobalSection(ExtensibilityGlobals) = postSolution
		SolutionGuid = {B6B73DC6-BF14-40AD-B75B-315032EC3341}
	EndGlobalSection
EndGlobal
